
Microsoft Visual Studio Solution File, Format Version 12.00
Project("{FAE04EC0-301F-11D3-BF4B-00C04F79EFBC}") = "MessagePack.UniversalCodeGenerator", "MessagePack.UniversalCodeGenerator.csproj", "{7F5CA679-EA02-4381-B9BB-E82C1F471B23}"
EndProject
Global
	GlobalSection(SolutionConfigurationPlatforms) = preSolution
		Debug|Any CPU = Debug|Any CPU
		Release|Any CPU = Release|Any CPU
	EndGlobalSection
	GlobalSection(ProjectConfigurationPlatforms) = postSolution
		{7F5CA679-EA02-4381-B9BB-E82C1F471B23}.Debug|Any CPU.ActiveCfg = Debug|Any CPU
		{7F5CA679-EA02-4381-B9BB-E82C1F471B23}.Debug|Any CPU.Build.0 = Debug|Any CPU
		{7F5CA679-EA02-4381-B9BB-E82C1F471B23}.Release|Any CPU.ActiveCfg = Release|Any CPU
		{7F5CA679-EA02-4381-B9BB-E82C1F471B23}.Release|Any CPU.Build.0 = Release|Any CPU
	EndGlobalSection
EndGlobal
